// !$*UTF8*$!
{
	archiveVersion = 1;
	classes = {
	};
	objectVersion = 77;
	objects = {

/* Begin PBXContainerItemProxy section */
		B7ED904A2D9DBE1F00519E45 /* PBXContainerItemProxy */ = {
			isa = PBXContainerItemProxy;
			containerPortal = B7ED902B2D9DBE1D00519E45 /* Project object */;
			proxyType = 1;
			remoteGlobalIDString = B7ED90322D9DBE1D00519E45;
			remoteInfo = MazaadyTaskMahmoudZaki;
		};
		B7ED90542D9DBE2000519E45 /* PBXContainerItemProxy */ = {
			isa = PBXContainerItemProxy;
			containerPortal = B7ED902B2D9DBE1D00519E45 /* Project object */;
			proxyType = 1;
			remoteGlobalIDString = B7ED90322D9DBE1D00519E45;
			remoteInfo = MazaadyTaskMahmoudZaki;
		};
/* End PBXContainerItemProxy section */

/* Begin PBXFileReference section */
		B7ED90332D9DBE1D00519E45 /* MazaadyTaskMahmoudZaki.app */ = {isa = PBXFileReference; explicitFileType = wrapper.application; includeInIndex = 0; path = MazaadyTaskMahmoudZaki.app; sourceTree = BUILT_PRODUCTS_DIR; };
		B7ED90492D9DBE1F00519E45 /* MazaadyTaskMahmoudZakiTests.xctest */ = {isa = PBXFileReference; explicitFileType = wrapper.cfbundle; includeInIndex = 0; path = MazaadyTaskMahmoudZakiTests.xctest; sourceTree = BUILT_PRODUCTS_DIR; };
		B7ED90532D9DBE2000519E45 /* MazaadyTaskMahmoudZakiUITests.xctest */ = {isa = PBXFileReference; explicitFileType = wrapper.cfbundle; includeInIndex = 0; path = MazaadyTaskMahmoudZakiUITests.xctest; sourceTree = BUILT_PRODUCTS_DIR; };
/* End PBXFileReference section */

/* Begin PBXFileSystemSynchronizedBuildFileExceptionSet section */
		B7ED905B2D9DBE2000519E45 /* Exceptions for "MazaadyTaskMahmoudZaki" folder in "MazaadyTaskMahmoudZaki" target */ = {
			isa = PBXFileSystemSynchronizedBuildFileExceptionSet;
			membershipExceptions = (
				Info.plist,
			);
			target = B7ED90322D9DBE1D00519E45 /* MazaadyTaskMahmoudZaki */;
		};
/* End PBXFileSystemSynchronizedBuildFileExceptionSet section */

/* Begin PBXFileSystemSynchronizedRootGroup section */
		B7ED90352D9DBE1D00519E45 /* MazaadyTaskMahmoudZaki */ = {
			isa = PBXFileSystemSynchronizedRootGroup;
			exceptions = (
				B7ED905B2D9DBE2000519E45 /* Exceptions for "MazaadyTaskMahmoudZaki" folder in "MazaadyTaskMahmoudZaki" target */,
			);
			path = MazaadyTaskMahmoudZaki;
			sourceTree = "<group>";
		};
		B7ED904C2D9DBE1F00519E45 /* MazaadyTaskMahmoudZakiTests */ = {
			isa = PBXFileSystemSynchronizedRootGroup;
			path = MazaadyTaskMahmoudZakiTests;
			sourceTree = "<group>";
		};
		B7ED90562D9DBE2000519E45 /* MazaadyTaskMahmoudZakiUITests */ = {
			isa = PBXFileSystemSynchronizedRootGroup;
			path = MazaadyTaskMahmoudZakiUITests;
			sourceTree = "<group>";
		};
/* End PBXFileSystemSynchronizedRootGroup section */

/* Begin PBXFrameworksBuildPhase section */
		B7ED90302D9DBE1D00519E45 /* Frameworks */ = {
			isa = PBXFrameworksBuildPhase;
			buildActionMask = 2147483647;
			files = (
			);
			runOnlyForDeploymentPostprocessing = 0;
		};
		B7ED90462D9DBE1F00519E45 /* Frameworks */ = {
			isa = PBXFrameworksBuildPhase;
			buildActionMask = 2147483647;
			files = (
			);
			runOnlyForDeploymentPostprocessing = 0;
		};
		B7ED90502D9DBE2000519E45 /* Frameworks */ = {
			isa = PBXFrameworksBuildPhase;
			buildActionMask = 2147483647;
			files = (
			);
			runOnlyForDeploymentPostprocessing = 0;
		};
/* End PBXFrameworksBuildPhase section */

/* Begin PBXGroup section */
		B7ED902A2D9DBE1D00519E45 = {
			isa = PBXGroup;
			children = (
				B7ED90352D9DBE1D00519E45 /* MazaadyTaskMahmoudZaki */,
				B7ED904C2D9DBE1F00519E45 /* MazaadyTaskMahmoudZakiTests */,
				B7ED90562D9DBE2000519E45 /* MazaadyTaskMahmoudZakiUITests */,
				B7ED90342D9DBE1D00519E45 /* Products */,
			);
			sourceTree = "<group>";
		};
		B7ED90342D9DBE1D00519E45 /* Products */ = {
			isa = PBXGroup;
			children = (
				B7ED90332D9DBE1D00519E45 /* MazaadyTaskMahmoudZaki.app */,
				B7ED90492D9DBE1F00519E45 /* MazaadyTaskMahmoudZakiTests.xctest */,
				B7ED90532D9DBE2000519E45 /* MazaadyTaskMahmoudZakiUITests.xctest */,
			);
			name = Products;
			sourceTree = "<group>";
		};
/* End PBXGroup section */

/* Begin PBXNativeTarget section */
		B7ED90322D9DBE1D00519E45 /* MazaadyTaskMahmoudZaki */ = {
			isa = PBXNativeTarget;
			buildConfigurationList = B7ED905C2D9DBE2000519E45 /* Build configuration list for PBXNativeTarget "MazaadyTaskMahmoudZaki" */;
			buildPhases = (
				B7ED902F2D9DBE1D00519E45 /* Sources */,
				B7ED90302D9DBE1D00519E45 /* Frameworks */,
				B7ED90312D9DBE1D00519E45 /* Resources */,
			);
			buildRules = (
			);
			dependencies = (
			);
			fileSystemSynchronizedGroups = (
				B7ED90352D9DBE1D00519E45 /* MazaadyTaskMahmoudZaki */,
			);
			name = MazaadyTaskMahmoudZaki;
			packageProductDependencies = (
			);
			productName = MazaadyTaskMahmoudZaki;
			productReference = B7ED90332D9DBE1D00519E45 /* MazaadyTaskMahmoudZaki.app */;
			productType = "com.apple.product-type.application";
		};
		B7ED90482D9DBE1F00519E45 /* MazaadyTaskMahmoudZakiTests */ = {
			isa = PBXNativeTarget;
			buildConfigurationList = B7ED90612D9DBE2000519E45 /* Build configuration list for PBXNativeTarget "MazaadyTaskMahmoudZakiTests" */;
			buildPhases = (
				B7ED90452D9DBE1F00519E45 /* Sources */,
				B7ED90462D9DBE1F00519E45 /* Frameworks */,
				B7ED90472D9DBE1F00519E45 /* Resources */,
			);
			buildRules = (
			);
			dependencies = (
				B7ED904B2D9DBE1F00519E45 /* PBXTargetDependency */,
			);
			fileSystemSynchronizedGroups = (
				B7ED904C2D9DBE1F00519E45 /* MazaadyTaskMahmoudZakiTests */,
			);
			name = MazaadyTaskMahmoudZakiTests;
			packageProductDependencies = (
			);
			productName = MazaadyTaskMahmoudZakiTests;
			productReference = B7ED90492D9DBE1F00519E45 /* MazaadyTaskMahmoudZakiTests.xctest */;
			productType = "com.apple.product-type.bundle.unit-test";
		};
		B7ED90522D9DBE2000519E45 /* MazaadyTaskMahmoudZakiUITests */ = {
			isa = PBXNativeTarget;
			buildConfigurationList = B7ED90642D9DBE2000519E45 /* Build configuration list for PBXNativeTarget "MazaadyTaskMahmoudZakiUITests" */;
			buildPhases = (
				B7ED904F2D9DBE2000519E45 /* Sources */,
				B7ED90502D9DBE2000519E45 /* Frameworks */,
				B7ED90512D9DBE2000519E45 /* Resources */,
			);
			buildRules = (
			);
			dependencies = (
				B7ED90552D9DBE2000519E45 /* PBXTargetDependency */,
			);
			fileSystemSynchronizedGroups = (
				B7ED90562D9DBE2000519E45 /* MazaadyTaskMahmoudZakiUITests */,
			);
			name = MazaadyTaskMahmoudZakiUITests;
			packageProductDependencies = (
			);
			productName = MazaadyTaskMahmoudZakiUITests;
			productReference = B7ED90532D9DBE2000519E45 /* MazaadyTaskMahmoudZakiUITests.xctest */;
			productType = "com.apple.product-type.bundle.ui-testing";
		};
/* End PBXNativeTarget section */

/* Begin PBXProject section */
		B7ED902B2D9DBE1D00519E45 /* Project object */ = {
			isa = PBXProject;
			attributes = {
				BuildIndependentTargetsInParallel = 1;
				LastSwiftUpdateCheck = 1620;
				LastUpgradeCheck = 1620;
				TargetAttributes = {
					B7ED90322D9DBE1D00519E45 = {
						CreatedOnToolsVersion = 16.2;
					};
					B7ED90482D9DBE1F00519E45 = {
						CreatedOnToolsVersion = 16.2;
						TestTargetID = B7ED90322D9DBE1D00519E45;
					};
					B7ED90522D9DBE2000519E45 = {
						CreatedOnToolsVersion = 16.2;
						TestTargetID = B7ED90322D9DBE1D00519E45;
					};
				};
			};
			buildConfigurationList = B7ED902E2D9DBE1D00519E45 /* Build configuration list for PBXProject "MazaadyTaskMahmoudZaki" */;
			developmentRegion = en;
			hasScannedForEncodings = 0;
			knownRegions = (
				en,
				Base,
			);
			mainGroup = B7ED902A2D9DBE1D00519E45;
			minimizedProjectReferenceProxies = 1;
			preferredProjectObjectVersion = 77;
			productRefGroup = B7ED90342D9DBE1D00519E45 /* Products */;
			projectDirPath = "";
			projectRoot = "";
			targets = (
				B7ED90322D9DBE1D00519E45 /* MazaadyTaskMahmoudZaki */,
				B7ED90482D9DBE1F00519E45 /* MazaadyTaskMahmoudZakiTests */,
				B7ED90522D9DBE2000519E45 /* MazaadyTaskMahmoudZakiUITests */,
			);
		};
/* End PBXProject section */

/* Begin PBXResourcesBuildPhase section */
		B7ED90312D9DBE1D00519E45 /* Resources */ = {
			isa = PBXResourcesBuildPhase;
			buildActionMask = 2147483647;
			files = (
			);
			runOnlyForDeploymentPostprocessing = 0;
		};
		B7ED90472D9DBE1F00519E45 /* Resources */ = {
			isa = PBXResourcesBuildPhase;
			buildActionMask = 2147483647;
			files = (
			);
			runOnlyForDeploymentPostprocessing = 0;
		};
		B7ED90512D9DBE2000519E45 /* Resources */ = {
			isa = PBXResourcesBuildPhase;
			buildActionMask = 2147483647;
			files = (
			);
			runOnlyForDeploymentPostprocessing = 0;
		};
/* End PBXResourcesBuildPhase section */

/* Begin PBXSourcesBuildPhase section */
		B7ED902F2D9DBE1D00519E45 /* Sources */ = {
			isa = PBXSourcesBuildPhase;
			buildActionMask = 2147483647;
			files = (
			);
			runOnlyForDeploymentPostprocessing = 0;
		};
		B7ED90452D9DBE1F00519E45 /* Sources */ = {
			isa = PBXSourcesBuildPhase;
			buildActionMask = 2147483647;
			files = (
			);
			runOnlyForDeploymentPostprocessing = 0;
		};
		B7ED904F2D9DBE2000519E45 /* Sources */ = {
			isa = PBXSourcesBuildPhase;
			buildActionMask = 2147483647;
			files = (
			);
			runOnlyForDeploymentPostprocessing = 0;
		};
/* End PBXSourcesBuildPhase section */

/* Begin PBXTargetDependency section */
		B7ED904B2D9DBE1F00519E45 /* PBXTargetDependency */ = {
			isa = PBXTargetDependency;
			target = B7ED90322D9DBE1D00519E45 /* MazaadyTaskMahmoudZaki */;
			targetProxy = B7ED904A2D9DBE1F00519E45 /* PBXContainerItemProxy */;
		};
		B7ED90552D9DBE2000519E45 /* PBXTargetDependency */ = {
			isa = PBXTargetDependency;
			target = B7ED90322D9DBE1D00519E45 /* MazaadyTaskMahmoudZaki */;
			targetProxy = B7ED90542D9DBE2000519E45 /* PBXContainerItemProxy */;
		};
/* End PBXTargetDependency section */

/* Begin XCBuildConfiguration section */
		B7ED905D2D9DBE2000519E45 /* Debug */ = {
			isa = XCBuildConfiguration;
			buildSettings = {
				ASSETCATALOG_COMPILER_APPICON_NAME = AppIcon;
				ASSETCATALOG_COMPILER_GLOBAL_ACCENT_COLOR_NAME = AccentColor;
				CODE_SIGN_STYLE = Automatic;
				CURRENT_PROJECT_VERSION = 1;
				GENERATE_INFOPLIST_FILE = YES;
				INFOPLIST_FILE = MazaadyTaskMahmoudZaki/Info.plist;
				INFOPLIST_KEY_UIApplicationSupportsIndirectInputEvents = YES;
				INFOPLIST_KEY_UILaunchStoryboardName = LaunchScreen;
				INFOPLIST_KEY_UIMainStoryboardFile = Main;
				INFOPLIST_KEY_UISupportedInterfaceOrientations_iPad = "UIInterfaceOrientationPortrait UIInterfaceOrientationPortraitUpsideDown UIInterfaceOrientationLandscapeLeft UIInterfaceOrientationLandscapeRight";
				INFOPLIST_KEY_UISupportedInterfaceOrientations_iPhone = "UIInterfaceOrientationPortrait UIInterfaceOrientationLandscapeLeft UIInterfaceOrientationLandscapeRight";
				LD_RUNPATH_SEARCH_PATHS = (
					"$(inherited)",
					"@executable_path/Frameworks",
				);
				MARKETING_VERSION = 1.0;
				PRODUCT_BUNDLE_IDENTIFIER = com.smart.mind.task.MazaadyTaskMahmoudZaki;
				PRODUCT_NAME = "$(TARGET_NAME)";
				SWIFT_EMIT_LOC_STRINGS = YES;
				SWIFT_VERSION = 5.0;
				TARGETED_DEVICE_FAMILY = "1,2";
			};
			name = Debug;
		};
		B7ED905E2D9DBE2000519E45 /* Release */ = {
			isa = XCBuildConfiguration;
			buildSettings = {
				ASSETCATALOG_COMPILER_APPICON_NAME = AppIcon;
				ASSETCATALOG_COMPILER_GLOBAL_ACCENT_COLOR_NAME = AccentColor;
				CODE_SIGN_STYLE = Automatic;
				CURRENT_PROJECT_VERSION = 1;
				GENERATE_INFOPLIST_FILE = YES;
				INFOPLIST_FILE = MazaadyTaskMahmoudZaki/Info.plist;
				INFOPLIST_KEY_UIApplicationSupportsIndirectInputEvents = YES;
				INFOPLIST_KEY_UILaunchStoryboardName = LaunchScreen;
				INFOPLIST_KEY_UIMainStoryboardFile = Main;
				INFOPLIST_KEY_UISupportedInterfaceOrientations_iPad = "UIInterfaceOrientationPortrait UIInterfaceOrientationPortraitUpsideDown UIInterfaceOrientationLandscapeLeft UIInterfaceOrientationLandscapeRight";
				INFOPLIST_KEY_UISupportedInterfaceOrientations_iPhone = "UIInterfaceOrientationPortrait UIInterfaceOrientationLandscapeLeft UIInterfaceOrientationLandscapeRight";
				LD_RUNPATH_SEARCH_PATHS = (
					"$(inherited)",
					"@executable_path/Frameworks",
				);
				MARKETING_VERSION = 1.0;
				PRODUCT_BUNDLE_IDENTIFIER = com.smart.mind.task.MazaadyTaskMahmoudZaki;
				PRODUCT_NAME = "$(TARGET_NAME)";
				SWIFT_EMIT_LOC_STRINGS = YES;
				SWIFT_VERSION = 5.0;
				TARGETED_DEVICE_FAMILY = "1,2";
			};
			name = Release;
		};
		B7ED905F2D9DBE2000519E45 /* Debug */ = {
			isa = XCBuildConfiguration;
			buildSettings = {
				ALWAYS_SEARCH_USER_PATHS = NO;
				ASSETCATALOG_COMPILER_GENERATE_SWIFT_ASSET_SYMBOL_EXTENSIONS = YES;
				CLANG_ANALYZER_NONNULL = YES;
				CLANG_ANALYZER_NUMBER_OBJECT_CONVERSION = YES_AGGRESSIVE;
				CLANG_CXX_LANGUAGE_STANDARD = "gnu++20";
				CLANG_ENABLE_MODULES = YES;
				CLANG_ENABLE_OBJC_ARC = YES;
				CLANG_ENABLE_OBJC_WEAK = YES;
				CLANG_WARN_BLOCK_CAPTURE_AUTORELEASING = YES;
				CLANG_WARN_BOOL_CONVERSION = YES;
				CLANG_WARN_COMMA = YES;
				CLANG_WARN_CONSTANT_CONVERSION = YES;
				CLANG_WARN_DEPRECATED_OBJC_IMPLEMENTATIONS = YES;
				CLANG_WARN_DIRECT_OBJC_ISA_USAGE = YES_ERROR;
				CLANG_WARN_DOCUMENTATION_COMMENTS = YES;
				CLANG_WARN_EMPTY_BODY = YES;
				CLANG_WARN_ENUM_CONVERSION = YES;
				CLANG_WARN_INFINITE_RECURSION = YES;
				CLANG_WARN_INT_CONVERSION = YES;
				CLANG_WARN_NON_LITERAL_NULL_CONVERSION = YES;
				CLANG_WARN_OBJC_IMPLICIT_RETAIN_SELF = YES;
				CLANG_WARN_OBJC_LITERAL_CONVERSION = YES;
				CLANG_WARN_OBJC_ROOT_CLASS = YES_ERROR;
				CLANG_WARN_QUOTED_INCLUDE_IN_FRAMEWORK_HEADER = YES;
				CLANG_WARN_RANGE_LOOP_ANALYSIS = YES;
				CLANG_WARN_STRICT_PROTOTYPES = YES;
				CLANG_WARN_SUSPICIOUS_MOVE = YES;
				CLANG_WARN_UNGUARDED_AVAILABILITY = YES_AGGRESSIVE;
				CLANG_WARN_UNREACHABLE_CODE = YES;
				CLANG_WARN__DUPLICATE_METHOD_MATCH = YES;
				COPY_PHASE_STRIP = NO;
				DEBUG_INFORMATION_FORMAT = dwarf;
				ENABLE_STRICT_OBJC_MSGSEND = YES;
				ENABLE_TESTABILITY = YES;
				ENABLE_USER_SCRIPT_SANDBOXING = YES;
				GCC_C_LANGUAGE_STANDARD = gnu17;
				GCC_DYNAMIC_NO_PIC = NO;
				GCC_NO_COMMON_BLOCKS = YES;
				GCC_OPTIMIZATION_LEVEL = 0;
				GCC_PREPROCESSOR_DEFINITIONS = (
					"DEBUG=1",
					"$(inherited)",
				);
				GCC_WARN_64_TO_32_BIT_CONVERSION = YES;
				GCC_WARN_ABOUT_RETURN_TYPE = YES_ERROR;
				GCC_WARN_UNDECLARED_SELECTOR = YES;
				GCC_WARN_UNINITIALIZED_AUTOS = YES_AGGRESSIVE;
				GCC_WARN_UNUSED_FUNCTION = YES;
				GCC_WARN_UNUSED_VARIABLE = YES;
				IPHONEOS_DEPLOYMENT_TARGET = 18.2;
				LOCALIZATION_PREFERS_STRING_CATALOGS = YES;
				MTL_ENABLE_DEBUG_INFO = INCLUDE_SOURCE;
				MTL_FAST_MATH = YES;
				ONLY_ACTIVE_ARCH = YES;
				SDKROOT = iphoneos;
				SWIFT_ACTIVE_COMPILATION_CONDITIONS = "DEBUG $(inherited)";
				SWIFT_OPTIMIZATION_LEVEL = "-Onone";
			};
			name = Debug;
		};
		B7ED90602D9DBE2000519E45 /* Release */ = {
			isa = XCBuildConfiguration;
			buildSettings = {
				ALWAYS_SEARCH_USER_PATHS = NO;
				ASSETCATALOG_COMPILER_GENERATE_SWIFT_ASSET_SYMBOL_EXTENSIONS = YES;
				CLANG_ANALYZER_NONNULL = YES;
				CLANG_ANALYZER_NUMBER_OBJECT_CONVERSION = YES_AGGRESSIVE;
				CLANG_CXX_LANGUAGE_STANDARD = "gnu++20";
				CLANG_ENABLE_MODULES = YES;
				CLANG_ENABLE_OBJC_ARC = YES;
				CLANG_ENABLE_OBJC_WEAK = YES;
				CLANG_WARN_BLOCK_CAPTURE_AUTORELEASING = YES;
				CLANG_WARN_BOOL_CONVERSION = YES;
				CLANG_WARN_COMMA = YES;
				CLANG_WARN_CONSTANT_CONVERSION = YES;
				CLANG_WARN_DEPRECATED_OBJC_IMPLEMENTATIONS = YES;
				CLANG_WARN_DIRECT_OBJC_ISA_USAGE = YES_ERROR;
				CLANG_WARN_DOCUMENTATION_COMMENTS = YES;
				CLANG_WARN_EMPTY_BODY = YES;
				CLANG_WARN_ENUM_CONVERSION = YES;
				CLANG_WARN_INFINITE_RECURSION = YES;
				CLANG_WARN_INT_CONVERSION = YES;
				CLANG_WARN_NON_LITERAL_NULL_CONVERSION = YES;
				CLANG_WARN_OBJC_IMPLICIT_RETAIN_SELF = YES;
				CLANG_WARN_OBJC_LITERAL_CONVERSION = YES;
				CLANG_WARN_OBJC_ROOT_CLASS = YES_ERROR;
				CLANG_WARN_QUOTED_INCLUDE_IN_FRAMEWORK_HEADER = YES;
				CLANG_WARN_RANGE_LOOP_ANALYSIS = YES;
				CLANG_WARN_STRICT_PROTOTYPES = YES;
				CLANG_WARN_SUSPICIOUS_MOVE = YES;
				CLANG_WARN_UNGUARDED_AVAILABILITY = YES_AGGRESSIVE;
				CLANG_WARN_UNREACHABLE_CODE = YES;
				CLANG_WARN__DUPLICATE_METHOD_MATCH = YES;
				COPY_PHASE_STRIP = NO;
				DEBUG_INFORMATION_FORMAT = "dwarf-with-dsym";
				ENABLE_NS_ASSERTIONS = NO;
				ENABLE_STRICT_OBJC_MSGSEND = YES;
				ENABLE_USER_SCRIPT_SANDBOXING = YES;
				GCC_C_LANGUAGE_STANDARD = gnu17;
				GCC_NO_COMMON_BLOCKS = YES;
				GCC_WARN_64_TO_32_BIT_CONVERSION = YES;
				GCC_WARN_ABOUT_RETURN_TYPE = YES_ERROR;
				GCC_WARN_UNDECLARED_SELECTOR = YES;
				GCC_WARN_UNINITIALIZED_AUTOS = YES_AGGRESSIVE;
				GCC_WARN_UNUSED_FUNCTION = YES;
				GCC_WARN_UNUSED_VARIABLE = YES;
				IPHONEOS_DEPLOYMENT_TARGET = 18.2;
				LOCALIZATION_PREFERS_STRING_CATALOGS = YES;
				MTL_ENABLE_DEBUG_INFO = NO;
				MTL_FAST_MATH = YES;
				SDKROOT = iphoneos;
				SWIFT_COMPILATION_MODE = wholemodule;
				VALIDATE_PRODUCT = YES;
			};
			name = Release;
		};
		B7ED90622D9DBE2000519E45 /* Debug */ = {
			isa = XCBuildConfiguration;
			buildSettings = {
				BUNDLE_LOADER = "$(TEST_HOST)";
				CODE_SIGN_STYLE = Automatic;
				CURRENT_PROJECT_VERSION = 1;
				GENERATE_INFOPLIST_FILE = YES;
				IPHONEOS_DEPLOYMENT_TARGET = 18.2;
				MARKETING_VERSION = 1.0;
				PRODUCT_BUNDLE_IDENTIFIER = com.smart.mind.task.MazaadyTaskMahmoudZakiTests;
				PRODUCT_NAME = "$(TARGET_NAME)";
				SWIFT_EMIT_LOC_STRINGS = NO;
				SWIFT_VERSION = 5.0;
				TARGETED_DEVICE_FAMILY = "1,2";
				TEST_HOST = "$(BUILT_PRODUCTS_DIR)/MazaadyTaskMahmoudZaki.app/$(BUNDLE_EXECUTABLE_FOLDER_PATH)/MazaadyTaskMahmoudZaki";
			};
			name = Debug;
		};
		B7ED90632D9DBE2000519E45 /* Release */ = {
			isa = XCBuildConfiguration;
			buildSettings = {
				BUNDLE_LOADER = "$(TEST_HOST)";
				CODE_SIGN_STYLE = Automatic;
				CURRENT_PROJECT_VERSION = 1;
				GENERATE_INFOPLIST_FILE = YES;
				IPHONEOS_DEPLOYMENT_TARGET = 18.2;
				MARKETING_VERSION = 1.0;
				PRODUCT_BUNDLE_IDENTIFIER = com.smart.mind.task.MazaadyTaskMahmoudZakiTests;
				PRODUCT_NAME = "$(TARGET_NAME)";
				SWIFT_EMIT_LOC_STRINGS = NO;
				SWIFT_VERSION = 5.0;
				TARGETED_DEVICE_FAMILY = "1,2";
				TEST_HOST = "$(BUILT_PRODUCTS_DIR)/MazaadyTaskMahmoudZaki.app/$(BUNDLE_EXECUTABLE_FOLDER_PATH)/MazaadyTaskMahmoudZaki";
			};
			name = Release;
		};
		B7ED90652D9DBE2000519E45 /* Debug */ = {
			isa = XCBuildConfiguration;
			buildSettings = {
				CODE_SIGN_STYLE = Automatic;
				CURRENT_PROJECT_VERSION = 1;
				GENERATE_INFOPLIST_FILE = YES;
				MARKETING_VERSION = 1.0;
				PRODUCT_BUNDLE_IDENTIFIER = com.smart.mind.task.MazaadyTaskMahmoudZakiUITests;
				PRODUCT_NAME = "$(TARGET_NAME)";
				SWIFT_EMIT_LOC_STRINGS = NO;
				SWIFT_VERSION = 5.0;
				TARGETED_DEVICE_FAMILY = "1,2";
				TEST_TARGET_NAME = MazaadyTaskMahmoudZaki;
			};
			name = Debug;
		};
		B7ED90662D9DBE2000519E45 /* Release */ = {
			isa = XCBuildConfiguration;
			buildSettings = {
				CODE_SIGN_STYLE = Automatic;
				CURRENT_PROJECT_VERSION = 1;
				GENERATE_INFOPLIST_FILE = YES;
				MARKETING_VERSION = 1.0;
				PRODUCT_BUNDLE_IDENTIFIER = com.smart.mind.task.MazaadyTaskMahmoudZakiUITests;
				PRODUCT_NAME = "$(TARGET_NAME)";
				SWIFT_EMIT_LOC_STRINGS = NO;
				SWIFT_VERSION = 5.0;
				TARGETED_DEVICE_FAMILY = "1,2";
				TEST_TARGET_NAME = MazaadyTaskMahmoudZaki;
			};
			name = Release;
		};
/* End XCBuildConfiguration section */

/* Begin XCConfigurationList section */
		B7ED902E2D9DBE1D00519E45 /* Build configuration list for PBXProject "MazaadyTaskMahmoudZaki" */ = {
			isa = XCConfigurationList;
			buildConfigurations = (
				B7ED905F2D9DBE2000519E45 /* Debug */,
				B7ED90602D9DBE2000519E45 /* Release */,
			);
			defaultConfigurationIsVisible = 0;
			defaultConfigurationName = Release;
		};
		B7ED905C2D9DBE2000519E45 /* Build configuration list for PBXNativeTarget "MazaadyTaskMahmoudZaki" */ = {
			isa = XCConfigurationList;
			buildConfigurations = (
				B7ED905D2D9DBE2000519E45 /* Debug */,
				B7ED905E2D9DBE2000519E45 /* Release */,
			);
			defaultConfigurationIsVisible = 0;
			defaultConfigurationName = Release;
		};
		B7ED90612D9DBE2000519E45 /* Build configuration list for PBXNativeTarget "MazaadyTaskMahmoudZakiTests" */ = {
			isa = XCConfigurationList;
			buildConfigurations = (
				B7ED90622D9DBE2000519E45 /* Debug */,
				B7ED90632D9DBE2000519E45 /* Release */,
			);
			defaultConfigurationIsVisible = 0;
			defaultConfigurationName = Release;
		};
		B7ED90642D9DBE2000519E45 /* Build configuration list for PBXNativeTarget "MazaadyTaskMahmoudZakiUITests" */ = {
			isa = XCConfigurationList;
			buildConfigurations = (
				B7ED90652D9DBE2000519E45 /* Debug */,
				B7ED90662D9DBE2000519E45 /* Release */,
			);
			defaultConfigurationIsVisible = 0;
			defaultConfigurationName = Release;
		};
/* End XCConfigurationList section */
	};
	rootObject = B7ED902B2D9DBE1D00519E45 /* Project object */;
}
